// !$*UTF8*$!
{
	archiveVersion = 1;
	classes = {
	};
	objectVersion = 46;
	objects = {

/* Begin PBXBuildFile section */
		110A7B2A1E23B68100AFC087 /* MyCollectionViewController.swift in Sources */ = {isa = PBXBuildFile; fileRef = 110A7B291E23B68100AFC087 /* MyCollectionViewController.swift */; };
		110A7B2C1E23B6A400AFC087 /* MyCell.swift in Sources */ = {isa = PBXBuildFile; fileRef = 110A7B2B1E23B6A400AFC087 /* MyCell.swift */; };
		11EE460B1E21C9C000D242CC /* AppDelegate.swift in Sources */ = {isa = PBXBuildFile; fileRef = 11EE460A1E21C9C000D242CC /* AppDelegate.swift */; };
		11EE46101E21C9C000D242CC /* Main.storyboard in Resources */ = {isa = PBXBuildFile; fileRef = 11EE460E1E21C9C000D242CC /* Main.storyboard */; };
		11EE46121E21C9C000D242CC /* Assets.xcassets in Resources */ = {isa = PBXBuildFile; fileRef = 11EE46111E21C9C000D242CC /* Assets.xcassets */; };
		11EE46151E21C9C000D242CC /* LaunchScreen.storyboard in Resources */ = {isa = PBXBuildFile; fileRef = 11EE46131E21C9C000D242CC /* LaunchScreen.storyboard */; };
		11EE46211E21EE4900D242CC /* ViewController.swift in Sources */ = {isa = PBXBuildFile; fileRef = 11EE46201E21EE4900D242CC /* ViewController.swift */; };
		11EE46231E21EF4C00D242CC /* CollectionViewCell.swift in Sources */ = {isa = PBXBuildFile; fileRef = 11EE46221E21EF4C00D242CC /* CollectionViewCell.swift */; };
		11EE462B1E220D9A00D242CC /* detailViewController.swift in Sources */ = {isa = PBXBuildFile; fileRef = 11EE462A1E220D9A00D242CC /* detailViewController.swift */; };
/* End PBXBuildFile section */

/* Begin PBXFileReference section */
		110A7B291E23B68100AFC087 /* MyCollectionViewController.swift */ = {isa = PBXFileReference; fileEncoding = 4; lastKnownFileType = sourcecode.swift; path = MyCollectionViewController.swift; sourceTree = "<group>"; };
		110A7B2B1E23B6A400AFC087 /* MyCell.swift */ = {isa = PBXFileReference; fileEncoding = 4; lastKnownFileType = sourcecode.swift; path = MyCell.swift; sourceTree = "<group>"; };
		11EE46071E21C9C000D242CC /* ItsYou.app */ = {isa = PBXFileReference; explicitFileType = wrapper.application; includeInIndex = 0; path = ItsYou.app; sourceTree = BUILT_PRODUCTS_DIR; };
		11EE460A1E21C9C000D242CC /* AppDelegate.swift */ = {isa = PBXFileReference; lastKnownFileType = sourcecode.swift; path = AppDelegate.swift; sourceTree = "<group>"; };
		11EE460F1E21C9C000D242CC /* Base */ = {isa = PBXFileReference; lastKnownFileType = file.storyboard; name = Base; path = Base.lproj/Main.storyboard; sourceTree = "<group>"; };
		11EE46111E21C9C000D242CC /* Assets.xcassets */ = {isa = PBXFileReference; lastKnownFileType = folder.assetcatalog; path = Assets.xcassets; sourceTree = "<group>"; };
		11EE46141E21C9C000D242CC /* Base */ = {isa = PBXFileReference; lastKnownFileType = file.storyboard; name = Base; path = Base.lproj/LaunchScreen.storyboard; sourceTree = "<group>"; };
		11EE46161E21C9C000D242CC /* Info.plist */ = {isa = PBXFileReference; lastKnownFileType = text.plist.xml; path = Info.plist; sourceTree = "<group>"; };
		11EE46201E21EE4900D242CC /* ViewController.swift */ = {isa = PBXFileReference; fileEncoding = 4; lastKnownFileType = sourcecode.swift; path = ViewController.swift; sourceTree = "<group>"; };
		11EE46221E21EF4C00D242CC /* CollectionViewCell.swift */ = {isa = PBXFileReference; fileEncoding = 4; lastKnownFileType = sourcecode.swift; path = CollectionViewCell.swift; sourceTree = "<group>"; };
		11EE462A1E220D9A00D242CC /* detailViewController.swift */ = {isa = PBXFileReference; fileEncoding = 4; lastKnownFileType = sourcecode.swift; path = detailViewController.swift; sourceTree = "<group>"; };
/* End PBXFileReference section */

/* Begin PBXFrameworksBuildPhase section */
		11EE46041E21C9C000D242CC /* Frameworks */ = {
			isa = PBXFrameworksBuildPhase;
			buildActionMask = 2147483647;
			files = (
			);
			runOnlyForDeploymentPostprocessing = 0;
		};
/* End PBXFrameworksBuildPhase section */

/* Begin PBXGroup section */
		11EE45FE1E21C9C000D242CC = {
			isa = PBXGroup;
			children = (
				11EE46091E21C9C000D242CC /* ItsYou */,
				11EE46081E21C9C000D242CC /* Products */,
			);
			sourceTree = "<group>";
		};
		11EE46081E21C9C000D242CC /* Products */ = {
			isa = PBXGroup;
			children = (
				11EE46071E21C9C000D242CC /* ItsYou.app */,
			);
			name = Products;
			sourceTree = "<group>";
		};
		11EE46091E21C9C000D242CC /* ItsYou */ = {
			isa = PBXGroup;
			children = (
				11EE460A1E21C9C000D242CC /* AppDelegate.swift */,
				11EE46201E21EE4900D242CC /* ViewController.swift */,
				11EE46221E21EF4C00D242CC /* CollectionViewCell.swift */,
				11EE462A1E220D9A00D242CC /* detailViewController.swift */,
				11EE460E1E21C9C000D242CC /* Main.storyboard */,
				11EE46111E21C9C000D242CC /* Assets.xcassets */,
				11EE46131E21C9C000D242CC /* LaunchScreen.storyboard */,
				11EE46161E21C9C000D242CC /* Info.plist */,
				110A7B291E23B68100AFC087 /* MyCollectionViewController.swift */,
				110A7B2B1E23B6A400AFC087 /* MyCell.swift */,
			);
			path = ItsYou;
			sourceTree = "<group>";
		};
/* End PBXGroup section */

/* Begin PBXNativeTarget section */
		11EE46061E21C9C000D242CC /* ItsYou */ = {
			isa = PBXNativeTarget;
			buildConfigurationList = 11EE46191E21C9C000D242CC /* Build configuration list for PBXNativeTarget "ItsYou" */;
			buildPhases = (
				11EE46031E21C9C000D242CC /* Sources */,
				11EE46041E21C9C000D242CC /* Frameworks */,
				11EE46051E21C9C000D242CC /* Resources */,
			);
			buildRules = (
			);
			dependencies = (
			);
			name = ItsYou;
			productName = ItsYou;
			productReference = 11EE46071E21C9C000D242CC /* ItsYou.app */;
			productType = "com.apple.product-type.application";
		};
/* End PBXNativeTarget section */

/* Begin PBXProject section */
		11EE45FF1E21C9C000D242CC /* Project object */ = {
			isa = PBXProject;
			attributes = {
				LastSwiftUpdateCheck = 0800;
				LastUpgradeCheck = 0800;
				ORGANIZATIONNAME = YenShao;
				TargetAttributes = {
					11EE46061E21C9C000D242CC = {
						CreatedOnToolsVersion = 8.0;
						DevelopmentTeam = SDCL9Y2H6C;
						ProvisioningStyle = Automatic;
					};
				};
			};
			buildConfigurationList = 11EE46021E21C9C000D242CC /* Build configuration list for PBXProject "ItsYou" */;
			compatibilityVersion = "Xcode 3.2";
			developmentRegion = English;
			hasScannedForEncodings = 0;
			knownRegions = (
				en,
				Base,
			);
			mainGroup = 11EE45FE1E21C9C000D242CC;
			productRefGroup = 11EE46081E21C9C000D242CC /* Products */;
			projectDirPath = "";
			projectRoot = "";
			targets = (
				11EE46061E21C9C000D242CC /* ItsYou */,
			);
		};
/* End PBXProject section */

/* Begin PBXResourcesBuildPhase section */
		11EE46051E21C9C000D242CC /* Resources */ = {
			isa = PBXResourcesBuildPhase;
			buildActionMask = 2147483647;
			files = (
				11EE46151E21C9C000D242CC /* LaunchScreen.storyboard in Resources */,
				11EE46121E21C9C000D242CC /* Assets.xcassets in Resources */,
				11EE46101E21C9C000D242CC /* Main.storyboard in Resources */,
			);
			runOnlyForDeploymentPostprocessing = 0;
		};
/* End PBXResourcesBuildPhase section */

/* Begin PBXSourcesBuildPhase section */
		11EE46031E21C9C000D242CC /* Sources */ = {
			isa = PBXSourcesBuildPhase;
			buildActionMask = 2147483647;
			files = (
				11EE46211E21EE4900D242CC /* ViewController.swift in Sources */,
				11EE460B1E21C9C000D242CC /* AppDelegate.swift in Sources */,
				11EE46231E21EF4C00D242CC /* CollectionViewCell.swift in Sources */,
				110A7B2C1E23B6A400AFC087 /* MyCell.swift in Sources */,
				110A7B2A1E23B68100AFC087 /* MyCollectionViewController.swift in Sources */,
				11EE462B1E220D9A00D242CC /* detailViewController.swift in Sources */,
			);
			runOnlyForDeploymentPostprocessing = 0;
		};
/* End PBXSourcesBuildPhase section */

/* Begin PBXVariantGroup section */
		11EE460E1E21C9C000D242CC /* Main.storyboard */ = {
			isa = PBXVariantGroup;
			children = (
				11EE460F1E21C9C000D242CC /* Base */,
			);
			name = Main.storyboard;
			sourceTree = "<group>";
		};
		11EE46131E21C9C000D242CC /* LaunchScreen.storyboard */ = {
			isa = PBXVariantGroup;
			children = (
				11EE46141E21C9C000D242CC /* Base */,
			);
			name = LaunchScreen.storyboard;
			sourceTree = "<group>";
		};
/* End PBXVariantGroup section */

/* Begin XCBuildConfiguration section */
		11EE46171E21C9C000D242CC /* Debug */ = {
			isa = XCBuildConfiguration;
			buildSettings = {
				ALWAYS_SEARCH_USER_PATHS = NO;
				CLANG_ANALYZER_NONNULL = YES;
				CLANG_CXX_LANGUAGE_STANDARD = "gnu++0x";
				CLANG_CXX_LIBRARY = "libc++";
				CLANG_ENABLE_MODULES = YES;
				CLANG_ENABLE_OBJC_ARC = YES;
				CLANG_WARN_BOOL_CONVERSION = YES;
				CLANG_WARN_CONSTANT_CONVERSION = YES;
				CLANG_WARN_DIRECT_OBJC_ISA_USAGE = YES_ERROR;
				CLANG_WARN_DOCUMENTATION_COMMENTS = YES;
				CLANG_WARN_EMPTY_BODY = YES;
				CLANG_WARN_ENUM_CONVERSION = YES;
				CLANG_WARN_INFINITE_RECURSION = YES;
				CLANG_WARN_INT_CONVERSION = YES;
				CLANG_WARN_OBJC_ROOT_CLASS = YES_ERROR;
				CLANG_WARN_SUSPICIOUS_MOVES = YES;
				CLANG_WARN_UNREACHABLE_CODE = YES;
				CLANG_WARN__DUPLICATE_METHOD_MATCH = YES;
				"CODE_SIGN_IDENTITY[sdk=iphoneos*]" = "iPhone Developer";
				COPY_PHASE_STRIP = NO;
				DEBUG_INFORMATION_FORMAT = dwarf;
				ENABLE_STRICT_OBJC_MSGSEND = YES;
				ENABLE_TESTABILITY = YES;
				GCC_C_LANGUAGE_STANDARD = gnu99;
				GCC_DYNAMIC_NO_PIC = NO;
				GCC_NO_COMMON_BLOCKS = YES;
				GCC_OPTIMIZATION_LEVEL = 0;
				GCC_PREPROCESSOR_DEFINITIONS = (
					"DEBUG=1",
					"$(inherited)",
				);
				GCC_WARN_64_TO_32_BIT_CONVERSION = YES;
				GCC_WARN_ABOUT_RETURN_TYPE = YES_ERROR;
				GCC_WARN_UNDECLARED_SELECTOR = YES;
				GCC_WARN_UNINITIALIZED_AUTOS = YES_AGGRESSIVE;
				GCC_WARN_UNUSED_FUNCTION = YES;
				GCC_WARN_UNUSED_VARIABLE = YES;
				IPHONEOS_DEPLOYMENT_TARGET = 10.0;
				MTL_ENABLE_DEBUG_INFO = YES;
				ONLY_ACTIVE_ARCH = YES;
				SDKROOT = iphoneos;
				SWIFT_ACTIVE_COMPILATION_CONDITIONS = DEBUG;
				SWIFT_OPTIMIZATION_LEVEL = "-Onone";
				TARGETED_DEVICE_FAMILY = "1,2";
			};
			name = Debug;
		};
		11EE46181E21C9C000D242CC /* Release */ = {
			isa = XCBuildConfiguration;
			buildSettings = {
				ALWAYS_SEARCH_USER_PATHS = NO;
				CLANG_ANALYZER_NONNULL = YES;
				CLANG_CXX_LANGUAGE_STANDARD = "gnu++0x";
				CLANG_CXX_LIBRARY = "libc++";
				CLANG_ENABLE_MODULES = YES;
				CLANG_ENABLE_OBJC_ARC = YES;
				CLANG_WARN_BOOL_CONVERSION = YES;
				CLANG_WARN_CONSTANT_CONVERSION = YES;
				CLANG_WARN_DIRECT_OBJC_ISA_USAGE = YES_ERROR;
				CLANG_WARN_DOCUMENTATION_COMMENTS = YES;
				CLANG_WARN_EMPTY_BODY = YES;
				CLANG_WARN_ENUM_CONVERSION = YES;
				CLANG_WARN_INFINITE_RECURSION = YES;
				CLANG_WARN_INT_CONVERSION = YES;
				CLANG_WARN_OBJC_ROOT_CLASS = YES_ERROR;
				CLANG_WARN_SUSPICIOUS_MOVES = YES;
				CLANG_WARN_UNREACHABLE_CODE = YES;
				CLANG_WARN__DUPLICATE_METHOD_MATCH = YES;
				"CODE_SIGN_IDENTITY[sdk=iphoneos*]" = "iPhone Developer";
				COPY_PHASE_STRIP = NO;
				DEBUG_INFORMATION_FORMAT = "dwarf-with-dsym";
				ENABLE_NS_ASSERTIONS = NO;
				ENABLE_STRICT_OBJC_MSGSEND = YES;
				GCC_C_LANGUAGE_STANDARD = gnu99;
				GCC_NO_COMMON_BLOCKS = YES;
				GCC_WARN_64_TO_32_BIT_CONVERSION = YES;
				GCC_WARN_ABOUT_RETURN_TYPE = YES_ERROR;
				GCC_WARN_UNDECLARED_SELECTOR = YES;
				GCC_WARN_UNINITIALIZED_AUTOS = YES_AGGRESSIVE;
				GCC_WARN_UNUSED_FUNCTION = YES;
				GCC_WARN_UNUSED_VARIABLE = YES;
				IPHONEOS_DEPLOYMENT_TARGET = 10.0;
				MTL_ENABLE_DEBUG_INFO = NO;
				SDKROOT = iphoneos;
				SWIFT_OPTIMIZATION_LEVEL = "-Owholemodule";
				TARGETED_DEVICE_FAMILY = "1,2";
				VALIDATE_PRODUCT = YES;
			};
			name = Release;
		};
		11EE461A1E21C9C000D242CC /* Debug */ = {
			isa = XCBuildConfiguration;
			buildSettings = {
				ASSETCATALOG_COMPILER_APPICON_NAME = AppIcon;
				"CODE_SIGN_IDENTITY[sdk=iphoneos*]" = "iPhone Developer";
				DEVELOPMENT_TEAM = SDCL9Y2H6C;
				INFOPLIST_FILE = ItsYou/Info.plist;
				LD_RUNPATH_SEARCH_PATHS = "$(inherited) @executable_path/Frameworks";
				PRODUCT_BUNDLE_IDENTIFIER = com.YenShao.ItsYou;
				PRODUCT_NAME = "$(TARGET_NAME)";
				SWIFT_VERSION = 3.0;
			};
			name = Debug;
		};
		11EE461B1E21C9C000D242CC /* Release */ = {
			isa = XCBuildConfiguration;
			buildSettings = {
				ASSETCATALOG_COMPILER_APPICON_NAME = AppIcon;
				"CODE_SIGN_IDENTITY[sdk=iphoneos*]" = "iPhone Developer";
				DEVELOPMENT_TEAM = SDCL9Y2H6C;
				INFOPLIST_FILE = ItsYou/Info.plist;
				LD_RUNPATH_SEARCH_PATHS = "$(inherited) @executable_path/Frameworks";
				PRODUCT_BUNDLE_IDENTIFIER = com.YenShao.ItsYou;
				PRODUCT_NAME = "$(TARGET_NAME)";
				SWIFT_VERSION = 3.0;
			};
			name = Release;
		};
/* End XCBuildConfiguration section */

/* Begin XCConfigurationList section */
		11EE46021E21C9C000D242CC /* Build configuration list for PBXProject "ItsYou" */ = {
			isa = XCConfigurationList;
			buildConfigurations = (
				11EE46171E21C9C000D242CC /* Debug */,
				11EE46181E21C9C000D242CC /* Release */,
			);
			defaultConfigurationIsVisible = 0;
			defaultConfigurationName = Release;
		};
		11EE46191E21C9C000D242CC /* Build configuration list for PBXNativeTarget "ItsYou" */ = {
			isa = XCConfigurationList;
			buildConfigurations = (
				11EE461A1E21C9C000D242CC /* Debug */,
				11EE461B1E21C9C000D242CC /* Release */,
			);
			defaultConfigurationIsVisible = 0;
			defaultConfigurationName = Release;
		};
/* End XCConfigurationList section */
	};
	rootObject = 11EE45FF1E21C9C000D242CC /* Project object */;
}
